
Microsoft Visual Studio Solution File, Format Version 12.00
# Visual Studio 15
VisualStudioVersion = 15.0.28307.271
MinimumVisualStudioVersion = 10.0.40219.1
Project("{9A19103F-16F7-4668-BE54-9A1E7A4F7556}") = "CurrencyMVC", "CurrencyMVC\CurrencyMVC.csproj", "{2001B256-F8D2-48B2-8C70-1C6747F8F012}"
EndProject
Project("{FAE04EC0-301F-11D3-BF4B-00C04F79EFBC}") = "CoinTest", "CoinTest\CoinTest.csproj", "{89199631-A37F-4758-9DDF-6C8C8C6E14CC}"
EndProject
Global
	GlobalSection(SolutionConfigurationPlatforms) = preSolution
		Debug|Any CPU = Debug|Any CPU
		Release|Any CPU = Release|Any CPU
	EndGlobalSection
	GlobalSection(ProjectConfigurationPlatforms) = postSolution
		{2001B256-F8D2-48B2-8C70-1C6747F8F012}.Debug|Any CPU.ActiveCfg = Debug|Any CPU
		{2001B256-F8D2-48B2-8C70-1C6747F8F012}.Debug|Any CPU.Build.0 = Debug|Any CPU
		{2001B256-F8D2-48B2-8C70-1C6747F8F012}.Release|Any CPU.ActiveCfg = Release|Any CPU
		{2001B256-F8D2-48B2-8C70-1C6747F8F012}.Release|Any CPU.Build.0 = Release|Any CPU
		{89199631-A37F-4758-9DDF-6C8C8C6E14CC}.Debug|Any CPU.ActiveCfg = Debug|Any CPU
		{89199631-A37F-4758-9DDF-6C8C8C6E14CC}.Debug|Any CPU.Build.0 = Debug|Any CPU
		{89199631-A37F-4758-9DDF-6C8C8C6E14CC}.Release|Any CPU.ActiveCfg = Release|Any CPU
		{89199631-A37F-4758-9DDF-6C8C8C6E14CC}.Release|Any CPU.Build.0 = Release|Any CPU
	EndGlobalSection
	GlobalSection(SolutionProperties) = preSolution
		HideSolutionNode = FALSE
	EndGlobalSection
	GlobalSection(ExtensibilityGlobals) = postSolution
		SolutionGuid = {A64ED96A-C145-4A99-BA8F-0555D6867F10}
	EndGlobalSection
EndGlobal
